
Microsoft Visual Studio Solution File, Format Version 12.00
# Visual Studio Version 17
VisualStudioVersion = 17.0.31903.59
MinimumVisualStudioVersion = 10.0.40219.1
Project("{2150E333-8FDC-42A3-9474-1A3956D46DE8}") = "src", "src", "{40C96B77-57A6-4E62-A15B-0250BD2DC922}"
EndProject
Project("{FAE04EC0-301F-11D3-BF4B-00C04F79EFBC}") = "Thomas.Siest.ObjectDetection", "src\Thomas.Siest.ObjectDetection\Thomas.Siest.ObjectDetection.csproj", "{0B109211-02C7-4A8D-9D27-960ADD06660B}"
EndProject
Project("{2150E333-8FDC-42A3-9474-1A3956D46DE8}") = "tests", "tests", "{BC0E0D71-E434-414B-8EA7-4B2272E39DDE}"
EndProject
Project("{FAE04EC0-301F-11D3-BF4B-00C04F79EFBC}") = "Thomas.Siest.ObjectDetection.Tests", "tests\Thomas.Siest.ObjectDetection.Tests\Thomas.Siest.ObjectDetection.Tests.csproj", "{99EE3CA2-1850-4289-A28A-76DADBB204A6}"
EndProject
Project("{2150E333-8FDC-42A3-9474-1A3956D46DE8}") = "apps", "apps", "{6D5E78AE-689E-469C-A9CD-24395B0E3F11}"
EndProject
Project("{FAE04EC0-301F-11D3-BF4B-00C04F79EFBC}") = "Thomas.Siest.ObjectDetection.Console", "apps\Thomas.Siest.ObjectDetection.Console\Thomas.Siest.ObjectDetection.Console.csproj", "{1F32C733-DEAF-42B6-BEA2-FE11D3B76210}"
EndProject
Project("{FAE04EC0-301F-11D3-BF4B-00C04F79EFBC}") = "Thomas.Siest.ObjectDetection.WebApi", "apps\Thomas.Siest.ObjectDetection.WebApi\Thomas.Siest.ObjectDetection.WebApi.csproj", "{58C54EA3-40CE-49EC-9796-B1DB1BCC9E7E}"
EndProject
Global
	GlobalSection(SolutionConfigurationPlatforms) = preSolution
		Debug|Any CPU = Debug|Any CPU
		Release|Any CPU = Release|Any CPU
	EndGlobalSection
	GlobalSection(SolutionProperties) = preSolution
		HideSolutionNode = FALSE
	EndGlobalSection
	GlobalSection(ProjectConfigurationPlatforms) = postSolution
		{0B109211-02C7-4A8D-9D27-960ADD06660B}.Debug|Any CPU.ActiveCfg = Debug|Any CPU
		{0B109211-02C7-4A8D-9D27-960ADD06660B}.Debug|Any CPU.Build.0 = Debug|Any CPU
		{0B109211-02C7-4A8D-9D27-960ADD06660B}.Release|Any CPU.ActiveCfg = Release|Any CPU
		{0B109211-02C7-4A8D-9D27-960ADD06660B}.Release|Any CPU.Build.0 = Release|Any CPU
		{99EE3CA2-1850-4289-A28A-76DADBB204A6}.Debug|Any CPU.ActiveCfg = Debug|Any CPU
		{99EE3CA2-1850-4289-A28A-76DADBB204A6}.Debug|Any CPU.Build.0 = Debug|Any CPU
		{99EE3CA2-1850-4289-A28A-76DADBB204A6}.Release|Any CPU.ActiveCfg = Release|Any CPU
		{99EE3CA2-1850-4289-A28A-76DADBB204A6}.Release|Any CPU.Build.0 = Release|Any CPU
		{1F32C733-DEAF-42B6-BEA2-FE11D3B76210}.Debug|Any CPU.ActiveCfg = Debug|Any CPU
		{1F32C733-DEAF-42B6-BEA2-FE11D3B76210}.Debug|Any CPU.Build.0 = Debug|Any CPU
		{1F32C733-DEAF-42B6-BEA2-FE11D3B76210}.Release|Any CPU.ActiveCfg = Release|Any CPU
		{1F32C733-DEAF-42B6-BEA2-FE11D3B76210}.Release|Any CPU.Build.0 = Release|Any CPU
		{58C54EA3-40CE-49EC-9796-B1DB1BCC9E7E}.Debug|Any CPU.ActiveCfg = Debug|Any CPU
		{58C54EA3-40CE-49EC-9796-B1DB1BCC9E7E}.Debug|Any CPU.Build.0 = Debug|Any CPU
		{58C54EA3-40CE-49EC-9796-B1DB1BCC9E7E}.Release|Any CPU.ActiveCfg = Release|Any CPU
		{58C54EA3-40CE-49EC-9796-B1DB1BCC9E7E}.Release|Any CPU.Build.0 = Release|Any CPU
	EndGlobalSection
	GlobalSection(NestedProjects) = preSolution
		{0B109211-02C7-4A8D-9D27-960ADD06660B} = {40C96B77-57A6-4E62-A15B-0250BD2DC922}
		{99EE3CA2-1850-4289-A28A-76DADBB204A6} = {BC0E0D71-E434-414B-8EA7-4B2272E39DDE}
		{1F32C733-DEAF-42B6-BEA2-FE11D3B76210} = {6D5E78AE-689E-469C-A9CD-24395B0E3F11}
		{58C54EA3-40CE-49EC-9796-B1DB1BCC9E7E} = {6D5E78AE-689E-469C-A9CD-24395B0E3F11}
	EndGlobalSection
EndGlobal
