
Microsoft Visual Studio Solution File, Format Version 12.00
# Visual Studio Version 17
VisualStudioVersion = 17.0.31903.59
MinimumVisualStudioVersion = 10.0.40219.1
Project("{2150E333-8FDC-42A3-9474-1A3956D46DE8}") = "src", "src", "{40C96B77-57A6-4E62-A15B-0250BD2DC922}"
EndProject
Project("{FAE04EC0-301F-11D3-BF4B-00C04F79EFBC}") = "Thomas.Siest.ObjectDetection", "src\Thomas.Siest.ObjectDetection\Thomas.Siest.ObjectDetection.csproj", "{0B109211-02C7-4A8D-9D27-960ADD06660B}"
EndProject
Global
	GlobalSection(SolutionConfigurationPlatforms) = preSolution
		Debug|Any CPU = Debug|Any CPU
		Release|Any CPU = Release|Any CPU
	EndGlobalSection
	GlobalSection(SolutionProperties) = preSolution
		HideSolutionNode = FALSE
	EndGlobalSection
	GlobalSection(ProjectConfigurationPlatforms) = postSolution
		{0B109211-02C7-4A8D-9D27-960ADD06660B}.Debug|Any CPU.ActiveCfg = Debug|Any CPU
		{0B109211-02C7-4A8D-9D27-960ADD06660B}.Debug|Any CPU.Build.0 = Debug|Any CPU
		{0B109211-02C7-4A8D-9D27-960ADD06660B}.Release|Any CPU.ActiveCfg = Release|Any CPU
		{0B109211-02C7-4A8D-9D27-960ADD06660B}.Release|Any CPU.Build.0 = Release|Any CPU
	EndGlobalSection
	GlobalSection(NestedProjects) = preSolution
		{0B109211-02C7-4A8D-9D27-960ADD06660B} = {40C96B77-57A6-4E62-A15B-0250BD2DC922}
	EndGlobalSection
EndGlobal
